
Microsoft Visual Studio Solution File, Format Version 12.00
# Visual Studio Version 17
VisualStudioVersion = 17.7.34202.233
MinimumVisualStudioVersion = 10.0.40219.1
Project("{FAE04EC0-301F-11D3-BF4B-00C04F79EFBC}") = "StockPortfolioTracker", "StockPortfolioTracker\StockPortfolioTracker.csproj", "{4D21E458-D575-4F65-99C7-DE3F28590034}"
EndProject
Global
	GlobalSection(SolutionConfigurationPlatforms) = preSolution
		Debug|Any CPU = Debug|Any CPU
		Release|Any CPU = Release|Any CPU
	EndGlobalSection
	GlobalSection(ProjectConfigurationPlatforms) = postSolution
		{4D21E458-D575-4F65-99C7-DE3F28590034}.Debug|Any CPU.ActiveCfg = Debug|Any CPU
		{4D21E458-D575-4F65-99C7-DE3F28590034}.Debug|Any CPU.Build.0 = Debug|Any CPU
		{4D21E458-D575-4F65-99C7-DE3F28590034}.Release|Any CPU.ActiveCfg = Release|Any CPU
		{4D21E458-D575-4F65-99C7-DE3F28590034}.Release|Any CPU.Build.0 = Release|Any CPU
	EndGlobalSection
	GlobalSection(SolutionProperties) = preSolution
		HideSolutionNode = FALSE
	EndGlobalSection
	GlobalSection(ExtensibilityGlobals) = postSolution
		SolutionGuid = {F51FD5DC-8D2C-4E0E-9991-DEF8FDB51CC9}
	EndGlobalSection
EndGlobal
